// !$*UTF8*$!
{
	archiveVersion = 1;
	classes = {
	};
	objectVersion = 46;
	objects = {

/* Begin PBXBuildFile section */
		00AD5C31E9B39808FA451D07 /* AudioUnit.framework */ = {isa = PBXBuildFile; fileRef = 6992CDF901D2E4C71D67107C; };
		0921B3D6788E5464364727E7 /* PitchDetector.cpp */ = {isa = PBXBuildFile; fileRef = 7D039700A544016FD88FFF4F; };
		0CBA9043F699E2B8C2906B39 /* CoreAudio.framework */ = {isa = PBXBuildFile; fileRef = 64D6008F1ED927217E814F23; };
		0FF226C1B1D6F3CAA8CDA920 /* include_juce_graphics.mm */ = {isa = PBXBuildFile; fileRef = 29D0366E50051E34D121198A; };
		1B817E4FCACF49DEBEE7868B /* PluginHost.cpp */ = {isa = PBXBuildFile; fileRef = FCB63C973318F25B6B114378; };
		208F1D0685F54C6EFD7D2D5D /* include_juce_graphics_Harfbuzz.cpp */ = {isa = PBXBuildFile; fileRef = B5C4BA3595A7CE654B05FC31; };
		2E4620C2F8C8F25BFB9C1B24 /* HumInputListener.cpp */ = {isa = PBXBuildFile; fileRef = 5E7759A6255FE9CAB9E8D112; };
		2F1D82C17951661DD1F5C907 /* MidiInputRouter.cpp */ = {isa = PBXBuildFile; fileRef = F326C370C5B61F33623863DD; };
		36277FBD22598F240CC8D534 /* Metal.framework */ = {isa = PBXBuildFile; fileRef = 68E031AE46EA90C431BDD294; settings = { ATTRIBUTES = (Weak, ); }; };
		3DE149F540BAB57C7A2E8251 /* MainEditorComponent.cpp */ = {isa = PBXBuildFile; fileRef = CAB4D9E3CEC3AC36D7357CF6; };
		4A1D789AE4F51BD8782CA5D7 /* include_juce_audio_devices.mm */ = {isa = PBXBuildFile; fileRef = 794500850A10875458066F0B; };
		4F618D7EBD418545A77B7004 /* Accelerate.framework */ = {isa = PBXBuildFile; fileRef = 9C47714546D2E90928807702; };
		57961425C4CD67C2059CCA58 /* ChordEstimator.cpp */ = {isa = PBXBuildFile; fileRef = 6DC9C91449D59503EB532125; };
		5A3E40F3DA75EBDAA04DD1DF /* InstrumentPanelComponent.cpp */ = {isa = PBXBuildFile; fileRef = 4EF617D8D89C95C4812E98C8; };
		5BCA0A0EF2317799F5DE6BE4 /* include_juce_audio_basics.mm */ = {isa = PBXBuildFile; fileRef = C658B6282C6B5FB0550420D9; };
		5CA4677B82E3F465405F91B5 /* include_juce_events.mm */ = {isa = PBXBuildFile; fileRef = 6F864859E8C2A20B934BA945; };
		5D37CEFFE1B57F39EC8208BD /* CoreMIDI.framework */ = {isa = PBXBuildFile; fileRef = 95AC3A5BE604BB8E6C023563; };
		644712B4049E92622EADF229 /* SimpleSineVoice.cpp */ = {isa = PBXBuildFile; fileRef = CEE3806F00FFCB3BF67CB0C5; };
		6A12ADCEC927A06AAFB326B3 /* include_juce_core.mm */ = {isa = PBXBuildFile; fileRef = 0FC675DD87CEB97D6DD2CD58; };
		6F6805339D59AAD494CB7F46 /* include_juce_core_CompilationTime.cpp */ = {isa = PBXBuildFile; fileRef = 1AE18A6402306E8D1C9DE49B; };
		78DCAA7BC4453029576DC0EF /* PlaybackEngine.cpp */ = {isa = PBXBuildFile; fileRef = 6E91BBAD3EC9D7D283FF8565; };
		7FAC23AD4FEA23B867B24DBB /* TransportBarComponent.cpp */ = {isa = PBXBuildFile; fileRef = 3C7ACEB70BF8AE443367422C; };
		858D693CFA537944B4DA9E04 /* include_juce_data_structures.mm */ = {isa = PBXBuildFile; fileRef = 3F2679B7504D1CDCE91161DE; };
		90EC0271FD532ED32314D25E /* include_juce_graphics_Sheenbidi.c */ = {isa = PBXBuildFile; fileRef = D3A4D83AA7C9E9D07B8F78E7; };
		98C18E6679B785040A7A2932 /* RecentFilesMenuTemplate.nib */ = {isa = PBXBuildFile; fileRef = 861275676A0E7657EE250719; };
		9A0CD9E2B306EB3221AFD93B /* App */ = {isa = PBXBuildFile; fileRef = 08A11A08C8E60654799D6E04; };
		9DB5FF7A467AA96A2EC6ACB4 /* Security.framework */ = {isa = PBXBuildFile; fileRef = A0FC5F93E5117FCDBC9D19DE; };
		9F940F03BC9D75FAED818EAA /* MetalKit.framework */ = {isa = PBXBuildFile; fileRef = D0A3A691A67F519B4B659FA6; settings = { ATTRIBUTES = (Weak, ); }; };
		A1B3CCBC8A052D4C61CD8318 /* AudioToolbox.framework */ = {isa = PBXBuildFile; fileRef = C8849A284603B147364CE97B; };
		A3BB6617F64F12156ADA71A4 /* TrackListComponent.cpp */ = {isa = PBXBuildFile; fileRef = 20DF067CDCAF93B1DDF421DC; };
		A75656861C59903315DA4198 /* DiscRecording.framework */ = {isa = PBXBuildFile; fileRef = ECA09215DB03684F8A9111EC; };
		AA0BB03907E7FA9803F2B1CD /* include_juce_gui_basics.mm */ = {isa = PBXBuildFile; fileRef = F79C203CFB15F049C4AA1A28; };
		AA4BD523C68F467A66B331DB /* StepGridComponent.cpp */ = {isa = PBXBuildFile; fileRef = 669597971F8207C2CD3110DF; };
		ADB6B98623F77F7BF04882D2 /* WebKit.framework */ = {isa = PBXBuildFile; fileRef = AAF0C8D7266284F4D2D1E31F; };
		B5082CAE2ACB181D91CB4C1D /* include_juce_audio_formats.mm */ = {isa = PBXBuildFile; fileRef = 7FA4FA267EB217A2810D8898; };
		B50DCD7E0FC034CA8ED1F451 /* Cocoa.framework */ = {isa = PBXBuildFile; fileRef = DC66FE895752B8A89149A6A5; };
		B644A17C398857DAD6BB0E1B /* include_juce_audio_processors.mm */ = {isa = PBXBuildFile; fileRef = C3F559B490FAE0A11E3B9886; };
		B99EA4F393547B2C3FC321E6 /* CoreAudioKit.framework */ = {isa = PBXBuildFile; fileRef = 41B0E24907E4C3E02C492DF0; };
		BB5A478A7E8D45E2D06788CA /* include_juce_audio_processors_lv2_libs.cpp */ = {isa = PBXBuildFile; fileRef = E957223797F09AFF5C94AC6A; };
		BFDC33B8C4141ABD41A4DCD5 /* KeyboardOverlayComponent.cpp */ = {isa = PBXBuildFile; fileRef = 501FF0D8192C955AF83A2828; };
		C5109F5052BC638A57A90CA2 /* Main.cpp */ = {isa = PBXBuildFile; fileRef = CD6AF9FEE9DCB90FD8E6855F; };
		DE4637778A384E8A30FECD14 /* Foundation.framework */ = {isa = PBXBuildFile; fileRef = FFE4950E34E0BE61FDC1E361; };
		F05770812C47358F079CD919 /* include_juce_gui_extra.mm */ = {isa = PBXBuildFile; fileRef = 467B74F1A44272F4596AAEAC; };
		F1CD7D95310C200C2AF0537F /* QuartzCore.framework */ = {isa = PBXBuildFile; fileRef = 60561313A8DF375D887B24B1; };
		F1F11083DCAEB1C4640CA51A /* IOKit.framework */ = {isa = PBXBuildFile; fileRef = E043DB3360F8E26FB7FACB36; };
		F564BAC15ACD22BDA5CF711C /* include_juce_audio_processors_ara.cpp */ = {isa = PBXBuildFile; fileRef = FF3D9D8550E67A8091EBB646; };
		F9457FDA8B7A720A981841DF /* ProjectModel.cpp */ = {isa = PBXBuildFile; fileRef = A2B2D42C1947777A26128C24; };
		FC626CC84463220940E6A1FB /* include_juce_audio_utils.mm */ = {isa = PBXBuildFile; fileRef = A4839C5366E00CB6971BD653; };
/* End PBXBuildFile section */

/* Begin PBXFileReference section */
		003931BCF66DD4E97B3DF99D /* StepGridComponent.h */ /* StepGridComponent.h */ = {isa = PBXFileReference; lastKnownFileType = sourcecode.c.h; name = StepGridComponent.h; path = ../../Source/StepGridComponent.h; sourceTree = SOURCE_ROOT; };
		08A11A08C8E60654799D6E04 /* App */ = {isa = PBXFileReference; explicitFileType = wrapper.application; includeInIndex = 0; path = PianoRollMaestro.app; sourceTree = BUILT_PRODUCTS_DIR; };
		0B0BDC3CD71A0A15EC5FB681 /* MainEditorComponent.h */ /* MainEditorComponent.h */ = {isa = PBXFileReference; lastKnownFileType = sourcecode.c.h; name = MainEditorComponent.h; path = ../../Source/MainEditorComponent.h; sourceTree = SOURCE_ROOT; };
		0CC551166C9C86C9DB2F4BB3 /* PluginEditorWindow.h */ /* PluginEditorWindow.h */ = {isa = PBXFileReference; lastKnownFileType = sourcecode.c.h; name = PluginEditorWindow.h; path = ../../Source/PluginEditorWindow.h; sourceTree = SOURCE_ROOT; };
		0FC675DD87CEB97D6DD2CD58 /* include_juce_core.mm */ /* include_juce_core.mm */ = {isa = PBXFileReference; lastKnownFileType = sourcecode.cpp.objcpp; name = include_juce_core.mm; path = ../../JuceLibraryCode/include_juce_core.mm; sourceTree = SOURCE_ROOT; };
		1350D75BBC3D8326A895F300 /* Info-App.plist */ /* Info-App.plist */ = {isa = PBXFileReference; lastKnownFileType = text.plist.xml; name = "Info-App.plist"; path = "Info-App.plist"; sourceTree = SOURCE_ROOT; };
		1A8CB64F6BC8C1385C94D243 /* juce_audio_devices */ /* juce_audio_devices */ = {isa = PBXFileReference; lastKnownFileType = folder; name = juce_audio_devices; path = "~/JUCE/modules/juce_audio_devices"; sourceTree = "<absolute>"; };
		1AE18A6402306E8D1C9DE49B /* include_juce_core_CompilationTime.cpp */ /* include_juce_core_CompilationTime.cpp */ = {isa = PBXFileReference; lastKnownFileType = sourcecode.cpp.cpp; name = include_juce_core_CompilationTime.cpp; path = ../../JuceLibraryCode/include_juce_core_CompilationTime.cpp; sourceTree = SOURCE_ROOT; };
		1AFF7415DD75EBD4DF2CC742 /* juce_audio_basics */ /* juce_audio_basics */ = {isa = PBXFileReference; lastKnownFileType = folder; name = juce_audio_basics; path = "~/JUCE/modules/juce_audio_basics"; sourceTree = "<absolute>"; };
		1C54C1FD95951BF9BCAF4E60 /* juce_audio_formats */ /* juce_audio_formats */ = {isa = PBXFileReference; lastKnownFileType = folder; name = juce_audio_formats; path = "~/JUCE/modules/juce_audio_formats"; sourceTree = "<absolute>"; };
		20DF067CDCAF93B1DDF421DC /* TrackListComponent.cpp */ /* TrackListComponent.cpp */ = {isa = PBXFileReference; lastKnownFileType = sourcecode.cpp.cpp; name = TrackListComponent.cpp; path = ../../Source/TrackListComponent.cpp; sourceTree = SOURCE_ROOT; };
		27984CD62DFC111FB14DCEDB /* PlaybackEngine.h */ /* PlaybackEngine.h */ = {isa = PBXFileReference; lastKnownFileType = sourcecode.c.h; name = PlaybackEngine.h; path = ../../Source/PlaybackEngine.h; sourceTree = SOURCE_ROOT; };
		29D0366E50051E34D121198A /* include_juce_graphics.mm */ /* include_juce_graphics.mm */ = {isa = PBXFileReference; lastKnownFileType = sourcecode.cpp.objcpp; name = include_juce_graphics.mm; path = ../../JuceLibraryCode/include_juce_graphics.mm; sourceTree = SOURCE_ROOT; };
		2DBD60102D904D7B0C0F70FE /* juce_graphics */ /* juce_graphics */ = {isa = PBXFileReference; lastKnownFileType = folder; name = juce_graphics; path = "~/JUCE/modules/juce_graphics"; sourceTree = "<absolute>"; };
		2F19C9D6681DC457D50A9762 /* juce_data_structures */ /* juce_data_structures */ = {isa = PBXFileReference; lastKnownFileType = folder; name = juce_data_structures; path = "~/JUCE/modules/juce_data_structures"; sourceTree = "<absolute>"; };
		315B63C2A56F0DB8501CA23A /* HumInputListener.h */ /* HumInputListener.h */ = {isa = PBXFileReference; lastKnownFileType = sourcecode.c.h; name = HumInputListener.h; path = ../../Source/HumInputListener.h; sourceTree = SOURCE_ROOT; };
		3B6662D7C452EEF4F41CF87A /* InstrumentPanelWindow.h */ /* InstrumentPanelWindow.h */ = {isa = PBXFileReference; lastKnownFileType = sourcecode.c.h; name = InstrumentPanelWindow.h; path = ../../Source/InstrumentPanelWindow.h; sourceTree = SOURCE_ROOT; };
		3C7ACEB70BF8AE443367422C /* TransportBarComponent.cpp */ /* TransportBarComponent.cpp */ = {isa = PBXFileReference; lastKnownFileType = sourcecode.cpp.cpp; name = TransportBarComponent.cpp; path = ../../Source/TransportBarComponent.cpp; sourceTree = SOURCE_ROOT; };
		3F2679B7504D1CDCE91161DE /* include_juce_data_structures.mm */ /* include_juce_data_structures.mm */ = {isa = PBXFileReference; lastKnownFileType = sourcecode.cpp.objcpp; name = include_juce_data_structures.mm; path = ../../JuceLibraryCode/include_juce_data_structures.mm; sourceTree = SOURCE_ROOT; };
		41B0E24907E4C3E02C492DF0 /* CoreAudioKit.framework */ /* CoreAudioKit.framework */ = {isa = PBXFileReference; lastKnownFileType = wrapper.framework; name = CoreAudioKit.framework; path = System/Library/Frameworks/CoreAudioKit.framework; sourceTree = SDKROOT; };
		4206E4CDE92D566D8165F5A6 /* PluginHost.h */ /* PluginHost.h */ = {isa = PBXFileReference; lastKnownFileType = sourcecode.c.h; name = PluginHost.h; path = ../../Source/PluginHost.h; sourceTree = SOURCE_ROOT; };
		467B74F1A44272F4596AAEAC /* include_juce_gui_extra.mm */ /* include_juce_gui_extra.mm */ = {isa = PBXFileReference; lastKnownFileType = sourcecode.cpp.objcpp; name = include_juce_gui_extra.mm; path = ../../JuceLibraryCode/include_juce_gui_extra.mm; sourceTree = SOURCE_ROOT; };
		4EF617D8D89C95C4812E98C8 /* InstrumentPanelComponent.cpp */ /* InstrumentPanelComponent.cpp */ = {isa = PBXFileReference; lastKnownFileType = sourcecode.cpp.cpp; name = InstrumentPanelComponent.cpp; path = ../../Source/InstrumentPanelComponent.cpp; sourceTree = SOURCE_ROOT; };
		501FF0D8192C955AF83A2828 /* KeyboardOverlayComponent.cpp */ /* KeyboardOverlayComponent.cpp */ = {isa = PBXFileReference; lastKnownFileType = sourcecode.cpp.cpp; name = KeyboardOverlayComponent.cpp; path = ../../Source/KeyboardOverlayComponent.cpp; sourceTree = SOURCE_ROOT; };
		5E7759A6255FE9CAB9E8D112 /* HumInputListener.cpp */ /* HumInputListener.cpp */ = {isa = PBXFileReference; lastKnownFileType = sourcecode.cpp.cpp; name = HumInputListener.cpp; path = ../../Source/HumInputListener.cpp; sourceTree = SOURCE_ROOT; };
		60561313A8DF375D887B24B1 /* QuartzCore.framework */ /* QuartzCore.framework */ = {isa = PBXFileReference; lastKnownFileType = wrapper.framework; name = QuartzCore.framework; path = System/Library/Frameworks/QuartzCore.framework; sourceTree = SDKROOT; };
		629592E98CF17F8E1993A195 /* KeyboardOverlayWindow.h */ /* KeyboardOverlayWindow.h */ = {isa = PBXFileReference; lastKnownFileType = sourcecode.c.h; name = KeyboardOverlayWindow.h; path = ../../Source/KeyboardOverlayWindow.h; sourceTree = SOURCE_ROOT; };
		6409AC6E65A28C0D7C655353 /* juce_events */ /* juce_events */ = {isa = PBXFileReference; lastKnownFileType = folder; name = juce_events; path = "~/JUCE/modules/juce_events"; sourceTree = "<absolute>"; };
		6456AADA52A1901931D850A5 /* AudioMidiSettingsWindow.h */ /* AudioMidiSettingsWindow.h */ = {isa = PBXFileReference; lastKnownFileType = sourcecode.c.h; name = AudioMidiSettingsWindow.h; path = ../../Source/AudioMidiSettingsWindow.h; sourceTree = SOURCE_ROOT; };
		64D6008F1ED927217E814F23 /* CoreAudio.framework */ /* CoreAudio.framework */ = {isa = PBXFileReference; lastKnownFileType = wrapper.framework; name = CoreAudio.framework; path = System/Library/Frameworks/CoreAudio.framework; sourceTree = SDKROOT; };
		669597971F8207C2CD3110DF /* StepGridComponent.cpp */ /* StepGridComponent.cpp */ = {isa = PBXFileReference; lastKnownFileType = sourcecode.cpp.cpp; name = StepGridComponent.cpp; path = ../../Source/StepGridComponent.cpp; sourceTree = SOURCE_ROOT; };
		68E031AE46EA90C431BDD294 /* Metal.framework */ /* Metal.framework */ = {isa = PBXFileReference; lastKnownFileType = wrapper.framework; name = Metal.framework; path = System/Library/Frameworks/Metal.framework; sourceTree = SDKROOT; };
		6992CDF901D2E4C71D67107C /* AudioUnit.framework */ /* AudioUnit.framework */ = {isa = PBXFileReference; lastKnownFileType = wrapper.framework; name = AudioUnit.framework; path = System/Library/Frameworks/AudioUnit.framework; sourceTree = SDKROOT; };
		6DC9C91449D59503EB532125 /* ChordEstimator.cpp */ /* ChordEstimator.cpp */ = {isa = PBXFileReference; lastKnownFileType = sourcecode.cpp.cpp; name = ChordEstimator.cpp; path = ../../Source/ChordEstimator.cpp; sourceTree = SOURCE_ROOT; };
		6E91BBAD3EC9D7D283FF8565 /* PlaybackEngine.cpp */ /* PlaybackEngine.cpp */ = {isa = PBXFileReference; lastKnownFileType = sourcecode.cpp.cpp; name = PlaybackEngine.cpp; path = ../../Source/PlaybackEngine.cpp; sourceTree = SOURCE_ROOT; };
		6F864859E8C2A20B934BA945 /* include_juce_events.mm */ /* include_juce_events.mm */ = {isa = PBXFileReference; lastKnownFileType = sourcecode.cpp.objcpp; name = include_juce_events.mm; path = ../../JuceLibraryCode/include_juce_events.mm; sourceTree = SOURCE_ROOT; };
		794500850A10875458066F0B /* include_juce_audio_devices.mm */ /* include_juce_audio_devices.mm */ = {isa = PBXFileReference; lastKnownFileType = sourcecode.cpp.objcpp; name = include_juce_audio_devices.mm; path = ../../JuceLibraryCode/include_juce_audio_devices.mm; sourceTree = SOURCE_ROOT; };
		7D039700A544016FD88FFF4F /* PitchDetector.cpp */ /* PitchDetector.cpp */ = {isa = PBXFileReference; lastKnownFileType = sourcecode.cpp.cpp; name = PitchDetector.cpp; path = ../../Source/PitchDetector.cpp; sourceTree = SOURCE_ROOT; };
		7FA4FA267EB217A2810D8898 /* include_juce_audio_formats.mm */ /* include_juce_audio_formats.mm */ = {isa = PBXFileReference; lastKnownFileType = sourcecode.cpp.objcpp; name = include_juce_audio_formats.mm; path = ../../JuceLibraryCode/include_juce_audio_formats.mm; sourceTree = SOURCE_ROOT; };
		861275676A0E7657EE250719 /* RecentFilesMenuTemplate.nib */ /* RecentFilesMenuTemplate.nib */ = {isa = PBXFileReference; lastKnownFileType = file.nib; name = RecentFilesMenuTemplate.nib; path = RecentFilesMenuTemplate.nib; sourceTree = SOURCE_ROOT; };
		88C0869212E48C9C5280D494 /* ChordEstimator.h */ /* ChordEstimator.h */ = {isa = PBXFileReference; lastKnownFileType = sourcecode.c.h; name = ChordEstimator.h; path = ../../Source/ChordEstimator.h; sourceTree = SOURCE_ROOT; };
		89869889D8F46A3F4CB706C7 /* ProjectModel.h */ /* ProjectModel.h */ = {isa = PBXFileReference; lastKnownFileType = sourcecode.c.h; name = ProjectModel.h; path = ../../Source/ProjectModel.h; sourceTree = SOURCE_ROOT; };
		9405F0172A983031E55AAF7D /* juce_gui_basics */ /* juce_gui_basics */ = {isa = PBXFileReference; lastKnownFileType = folder; name = juce_gui_basics; path = "~/JUCE/modules/juce_gui_basics"; sourceTree = "<absolute>"; };
		95AC3A5BE604BB8E6C023563 /* CoreMIDI.framework */ /* CoreMIDI.framework */ = {isa = PBXFileReference; lastKnownFileType = wrapper.framework; name = CoreMIDI.framework; path = System/Library/Frameworks/CoreMIDI.framework; sourceTree = SDKROOT; };
		9C47714546D2E90928807702 /* Accelerate.framework */ /* Accelerate.framework */ = {isa = PBXFileReference; lastKnownFileType = wrapper.framework; name = Accelerate.framework; path = System/Library/Frameworks/Accelerate.framework; sourceTree = SDKROOT; };
		A0FC5F93E5117FCDBC9D19DE /* Security.framework */ /* Security.framework */ = {isa = PBXFileReference; lastKnownFileType = wrapper.framework; name = Security.framework; path = System/Library/Frameworks/Security.framework; sourceTree = SDKROOT; };
		A2B2D42C1947777A26128C24 /* ProjectModel.cpp */ /* ProjectModel.cpp */ = {isa = PBXFileReference; lastKnownFileType = sourcecode.cpp.cpp; name = ProjectModel.cpp; path = ../../Source/ProjectModel.cpp; sourceTree = SOURCE_ROOT; };
		A34EFBB472A0FEF9BBAB7288 /* TransportBarComponent.h */ /* TransportBarComponent.h */ = {isa = PBXFileReference; lastKnownFileType = sourcecode.c.h; name = TransportBarComponent.h; path = ../../Source/TransportBarComponent.h; sourceTree = SOURCE_ROOT; };
		A4839C5366E00CB6971BD653 /* include_juce_audio_utils.mm */ /* include_juce_audio_utils.mm */ = {isa = PBXFileReference; lastKnownFileType = sourcecode.cpp.objcpp; name = include_juce_audio_utils.mm; path = ../../JuceLibraryCode/include_juce_audio_utils.mm; sourceTree = SOURCE_ROOT; };
		A838B4696F8530E37DE96057 /* ChordEstimateBarComponent.h */ /* ChordEstimateBarComponent.h */ = {isa = PBXFileReference; lastKnownFileType = sourcecode.c.h; name = ChordEstimateBarComponent.h; path = ../../Source/ChordEstimateBarComponent.h; sourceTree = SOURCE_ROOT; };
		AAF0C8D7266284F4D2D1E31F /* WebKit.framework */ /* WebKit.framework */ = {isa = PBXFileReference; lastKnownFileType = wrapper.framework; name = WebKit.framework; path = System/Library/Frameworks/WebKit.framework; sourceTree = SDKROOT; };
		AF2B3FEC9FFA57821C06048A /* ShortcutHelpBarComponent.h */ /* ShortcutHelpBarComponent.h */ = {isa = PBXFileReference; lastKnownFileType = sourcecode.c.h; name = ShortcutHelpBarComponent.h; path = ../../Source/ShortcutHelpBarComponent.h; sourceTree = SOURCE_ROOT; };
		B25159422241B95E1BED9E9B /* PitchDetector.h */ /* PitchDetector.h */ = {isa = PBXFileReference; lastKnownFileType = sourcecode.c.h; name = PitchDetector.h; path = ../../Source/PitchDetector.h; sourceTree = SOURCE_ROOT; };
		B5C4BA3595A7CE654B05FC31 /* include_juce_graphics_Harfbuzz.cpp */ /* include_juce_graphics_Harfbuzz.cpp */ = {isa = PBXFileReference; lastKnownFileType = sourcecode.cpp.cpp; name = include_juce_graphics_Harfbuzz.cpp; path = ../../JuceLibraryCode/include_juce_graphics_Harfbuzz.cpp; sourceTree = SOURCE_ROOT; };
		B5FFD7F3D61AFFA86C42C9E3 /* juce_audio_utils */ /* juce_audio_utils */ = {isa = PBXFileReference; lastKnownFileType = folder; name = juce_audio_utils; path = "~/JUCE/modules/juce_audio_utils"; sourceTree = "<absolute>"; };
		C3F559B490FAE0A11E3B9886 /* include_juce_audio_processors.mm */ /* include_juce_audio_processors.mm */ = {isa = PBXFileReference; lastKnownFileType = sourcecode.cpp.objcpp; name = include_juce_audio_processors.mm; path = ../../JuceLibraryCode/include_juce_audio_processors.mm; sourceTree = SOURCE_ROOT; };
		C658B6282C6B5FB0550420D9 /* include_juce_audio_basics.mm */ /* include_juce_audio_basics.mm */ = {isa = PBXFileReference; lastKnownFileType = sourcecode.cpp.objcpp; name = include_juce_audio_basics.mm; path = ../../JuceLibraryCode/include_juce_audio_basics.mm; sourceTree = SOURCE_ROOT; };
		C8849A284603B147364CE97B /* AudioToolbox.framework */ /* AudioToolbox.framework */ = {isa = PBXFileReference; lastKnownFileType = wrapper.framework; name = AudioToolbox.framework; path = System/Library/Frameworks/AudioToolbox.framework; sourceTree = SDKROOT; };
		CAB4D9E3CEC3AC36D7357CF6 /* MainEditorComponent.cpp */ /* MainEditorComponent.cpp */ = {isa = PBXFileReference; lastKnownFileType = sourcecode.cpp.cpp; name = MainEditorComponent.cpp; path = ../../Source/MainEditorComponent.cpp; sourceTree = SOURCE_ROOT; };
		CC26CC92759C3FFE3EFEF82B /* SessionGridComponent.h */ /* SessionGridComponent.h */ = {isa = PBXFileReference; lastKnownFileType = sourcecode.c.h; name = SessionGridComponent.h; path = ../../Source/SessionGridComponent.h; sourceTree = SOURCE_ROOT; };
		CC3BABBAE2AD0A66E71BD033 /* juce_audio_processors */ /* juce_audio_processors */ = {isa = PBXFileReference; lastKnownFileType = folder; name = juce_audio_processors; path = "~/JUCE/modules/juce_audio_processors"; sourceTree = "<absolute>"; };
		CD6AF9FEE9DCB90FD8E6855F /* Main.cpp */ /* Main.cpp */ = {isa = PBXFileReference; lastKnownFileType = sourcecode.cpp.cpp; name = Main.cpp; path = ../../Source/Main.cpp; sourceTree = SOURCE_ROOT; };
		CEE3806F00FFCB3BF67CB0C5 /* SimpleSineVoice.cpp */ /* SimpleSineVoice.cpp */ = {isa = PBXFileReference; lastKnownFileType = sourcecode.cpp.cpp; name = SimpleSineVoice.cpp; path = ../../Source/SimpleSineVoice.cpp; sourceTree = SOURCE_ROOT; };
		CF07397E29D82800E845488C /* SimpleSineVoice.h */ /* SimpleSineVoice.h */ = {isa = PBXFileReference; lastKnownFileType = sourcecode.c.h; name = SimpleSineVoice.h; path = ../../Source/SimpleSineVoice.h; sourceTree = SOURCE_ROOT; };
		D0A3A691A67F519B4B659FA6 /* MetalKit.framework */ /* MetalKit.framework */ = {isa = PBXFileReference; lastKnownFileType = wrapper.framework; name = MetalKit.framework; path = System/Library/Frameworks/MetalKit.framework; sourceTree = SDKROOT; };
		D3A4D83AA7C9E9D07B8F78E7 /* include_juce_graphics_Sheenbidi.c */ /* include_juce_graphics_Sheenbidi.c */ = {isa = PBXFileReference; lastKnownFileType = sourcecode.c.c; name = include_juce_graphics_Sheenbidi.c; path = ../../JuceLibraryCode/include_juce_graphics_Sheenbidi.c; sourceTree = SOURCE_ROOT; };
		D9D52FC6AA5D7F41E68A91ED /* KeyboardOverlayComponent.h */ /* KeyboardOverlayComponent.h */ = {isa = PBXFileReference; lastKnownFileType = sourcecode.c.h; name = KeyboardOverlayComponent.h; path = ../../Source/KeyboardOverlayComponent.h; sourceTree = SOURCE_ROOT; };
		D9D70F0B5A478CFC899DADC1 /* JuceHeader.h */ /* JuceHeader.h */ = {isa = PBXFileReference; lastKnownFileType = sourcecode.c.h; name = JuceHeader.h; path = ../../JuceLibraryCode/JuceHeader.h; sourceTree = SOURCE_ROOT; };
		DA238139C516D729F0A3FA9B /* juce_core */ /* juce_core */ = {isa = PBXFileReference; lastKnownFileType = folder; name = juce_core; path = "~/JUCE/modules/juce_core"; sourceTree = "<absolute>"; };
		DB09F1FF05A442A2DB436E21 /* juce_gui_extra */ /* juce_gui_extra */ = {isa = PBXFileReference; lastKnownFileType = folder; name = juce_gui_extra; path = "~/JUCE/modules/juce_gui_extra"; sourceTree = "<absolute>"; };
		DB1EFE01305585424AB36126 /* VirtualKeyboardMaps.h */ /* VirtualKeyboardMaps.h */ = {isa = PBXFileReference; lastKnownFileType = sourcecode.c.h; name = VirtualKeyboardMaps.h; path = ../../Source/VirtualKeyboardMaps.h; sourceTree = SOURCE_ROOT; };
		DC66FE895752B8A89149A6A5 /* Cocoa.framework */ /* Cocoa.framework */ = {isa = PBXFileReference; lastKnownFileType = wrapper.framework; name = Cocoa.framework; path = System/Library/Frameworks/Cocoa.framework; sourceTree = SDKROOT; };
		DE7ADCBF2A06408E6C9498F9 /* TrackListComponent.h */ /* TrackListComponent.h */ = {isa = PBXFileReference; lastKnownFileType = sourcecode.c.h; name = TrackListComponent.h; path = ../../Source/TrackListComponent.h; sourceTree = SOURCE_ROOT; };
		E043DB3360F8E26FB7FACB36 /* IOKit.framework */ /* IOKit.framework */ = {isa = PBXFileReference; lastKnownFileType = wrapper.framework; name = IOKit.framework; path = System/Library/Frameworks/IOKit.framework; sourceTree = SDKROOT; };
		E957223797F09AFF5C94AC6A /* include_juce_audio_processors_lv2_libs.cpp */ /* include_juce_audio_processors_lv2_libs.cpp */ = {isa = PBXFileReference; lastKnownFileType = sourcecode.cpp.cpp; name = include_juce_audio_processors_lv2_libs.cpp; path = ../../JuceLibraryCode/include_juce_audio_processors_lv2_libs.cpp; sourceTree = SOURCE_ROOT; };
		EACA58E5E546BF3DC45B1C72 /* MidiInputRouter.h */ /* MidiInputRouter.h */ = {isa = PBXFileReference; lastKnownFileType = sourcecode.c.h; name = MidiInputRouter.h; path = ../../Source/MidiInputRouter.h; sourceTree = SOURCE_ROOT; };
		ECA09215DB03684F8A9111EC /* DiscRecording.framework */ /* DiscRecording.framework */ = {isa = PBXFileReference; lastKnownFileType = wrapper.framework; name = DiscRecording.framework; path = System/Library/Frameworks/DiscRecording.framework; sourceTree = SDKROOT; };
		F2EED32343981D17CB2546C4 /* MicLevelMeterComponent.h */ /* MicLevelMeterComponent.h */ = {isa = PBXFileReference; lastKnownFileType = sourcecode.c.h; name = MicLevelMeterComponent.h; path = ../../Source/MicLevelMeterComponent.h; sourceTree = SOURCE_ROOT; };
		F326C370C5B61F33623863DD /* MidiInputRouter.cpp */ /* MidiInputRouter.cpp */ = {isa = PBXFileReference; lastKnownFileType = sourcecode.cpp.cpp; name = MidiInputRouter.cpp; path = ../../Source/MidiInputRouter.cpp; sourceTree = SOURCE_ROOT; };
		F34A49E0389BE61F6C207CB9 /* InstrumentPanelComponent.h */ /* InstrumentPanelComponent.h */ = {isa = PBXFileReference; lastKnownFileType = sourcecode.c.h; name = InstrumentPanelComponent.h; path = ../../Source/InstrumentPanelComponent.h; sourceTree = SOURCE_ROOT; };
		F79C203CFB15F049C4AA1A28 /* include_juce_gui_basics.mm */ /* include_juce_gui_basics.mm */ = {isa = PBXFileReference; lastKnownFileType = sourcecode.cpp.objcpp; name = include_juce_gui_basics.mm; path = ../../JuceLibraryCode/include_juce_gui_basics.mm; sourceTree = SOURCE_ROOT; };
		FCB63C973318F25B6B114378 /* PluginHost.cpp */ /* PluginHost.cpp */ = {isa = PBXFileReference; lastKnownFileType = sourcecode.cpp.cpp; name = PluginHost.cpp; path = ../../Source/PluginHost.cpp; sourceTree = SOURCE_ROOT; };
		FF3D9D8550E67A8091EBB646 /* include_juce_audio_processors_ara.cpp */ /* include_juce_audio_processors_ara.cpp */ = {isa = PBXFileReference; lastKnownFileType = sourcecode.cpp.cpp; name = include_juce_audio_processors_ara.cpp; path = ../../JuceLibraryCode/include_juce_audio_processors_ara.cpp; sourceTree = SOURCE_ROOT; };
		FFE4950E34E0BE61FDC1E361 /* Foundation.framework */ /* Foundation.framework */ = {isa = PBXFileReference; lastKnownFileType = wrapper.framework; name = Foundation.framework; path = System/Library/Frameworks/Foundation.framework; sourceTree = SDKROOT; };
/* End PBXFileReference section */

/* Begin PBXFrameworksBuildPhase section */
		107AF712214C56F02CFDAA49 = {
			isa = PBXFrameworksBuildPhase;
			buildActionMask = 2147483647;
			files = (
				00AD5C31E9B39808FA451D07,
				4F618D7EBD418545A77B7004,
				A1B3CCBC8A052D4C61CD8318,
				B50DCD7E0FC034CA8ED1F451,
				0CBA9043F699E2B8C2906B39,
				B99EA4F393547B2C3FC321E6,
				5D37CEFFE1B57F39EC8208BD,
				A75656861C59903315DA4198,
				DE4637778A384E8A30FECD14,
				F1F11083DCAEB1C4640CA51A,
				F1CD7D95310C200C2AF0537F,
				9DB5FF7A467AA96A2EC6ACB4,
				ADB6B98623F77F7BF04882D2,
				36277FBD22598F240CC8D534,
				9F940F03BC9D75FAED818EAA,
			);
			runOnlyForDeploymentPostprocessing = 0;
		};
/* End PBXFrameworksBuildPhase section */

/* Begin PBXGroup section */
		0AE1BF74A2651E51C5DABC28 /* Resources */ = {
			isa = PBXGroup;
			children = (
				1350D75BBC3D8326A895F300,
				861275676A0E7657EE250719,
			);
			name = Resources;
			sourceTree = "<group>";
		};
		0D4C4515013326124181CD85 /* Products */ = {
			isa = PBXGroup;
			children = (
				08A11A08C8E60654799D6E04,
			);
			name = Products;
			sourceTree = "<group>";
		};
		1B8C09F685A5EB739251C471 /* PianoRollMaestro */ = {
			isa = PBXGroup;
			children = (
				38000350F762F06BFE7897D9,
			);
			name = PianoRollMaestro;
			sourceTree = "<group>";
		};
		38000350F762F06BFE7897D9 /* Source */ = {
			isa = PBXGroup;
			children = (
				CD6AF9FEE9DCB90FD8E6855F,
				CAB4D9E3CEC3AC36D7357CF6,
				0B0BDC3CD71A0A15EC5FB681,
				F326C370C5B61F33623863DD,
				EACA58E5E546BF3DC45B1C72,
				A2B2D42C1947777A26128C24,
				89869889D8F46A3F4CB706C7,
				CEE3806F00FFCB3BF67CB0C5,
				CF07397E29D82800E845488C,
				6E91BBAD3EC9D7D283FF8565,
				27984CD62DFC111FB14DCEDB,
				3C7ACEB70BF8AE443367422C,
				A34EFBB472A0FEF9BBAB7288,
				20DF067CDCAF93B1DDF421DC,
				DE7ADCBF2A06408E6C9498F9,
				669597971F8207C2CD3110DF,
				003931BCF66DD4E97B3DF99D,
				FCB63C973318F25B6B114378,
				4206E4CDE92D566D8165F5A6,
				0CC551166C9C86C9DB2F4BB3,
				4EF617D8D89C95C4812E98C8,
				F34A49E0389BE61F6C207CB9,
				3B6662D7C452EEF4F41CF87A,
				7D039700A544016FD88FFF4F,
				B25159422241B95E1BED9E9B,
				5E7759A6255FE9CAB9E8D112,
				315B63C2A56F0DB8501CA23A,
				6456AADA52A1901931D850A5,
				F2EED32343981D17CB2546C4,
				AF2B3FEC9FFA57821C06048A,
				6DC9C91449D59503EB532125,
				88C0869212E48C9C5280D494,
				A838B4696F8530E37DE96057,
				CC26CC92759C3FFE3EFEF82B,
				DB1EFE01305585424AB36126,
				D9D52FC6AA5D7F41E68A91ED,
				501FF0D8192C955AF83A2828,
				629592E98CF17F8E1993A195,
			);
			name = Source;
			sourceTree = "<group>";
		};
		4A615E109F9F6B99A4A6415E /* Source */ = {
			isa = PBXGroup;
			children = (
				1B8C09F685A5EB739251C471,
				CCC9D0AF1EF913630E8AD40D,
				90BBBCC415E846EB0684F164,
				0AE1BF74A2651E51C5DABC28,
				D08649BC95E4FD06749BA938,
				0D4C4515013326124181CD85,
			);
			name = Source;
			sourceTree = "<group>";
		};
		90BBBCC415E846EB0684F164 /* JUCE Library Code */ = {
			isa = PBXGroup;
			children = (
				C658B6282C6B5FB0550420D9,
				794500850A10875458066F0B,
				7FA4FA267EB217A2810D8898,
				C3F559B490FAE0A11E3B9886,
				FF3D9D8550E67A8091EBB646,
				E957223797F09AFF5C94AC6A,
				A4839C5366E00CB6971BD653,
				0FC675DD87CEB97D6DD2CD58,
				1AE18A6402306E8D1C9DE49B,
				3F2679B7504D1CDCE91161DE,
				6F864859E8C2A20B934BA945,
				29D0366E50051E34D121198A,
				B5C4BA3595A7CE654B05FC31,
				D3A4D83AA7C9E9D07B8F78E7,
				F79C203CFB15F049C4AA1A28,
				467B74F1A44272F4596AAEAC,
				D9D70F0B5A478CFC899DADC1,
			);
			name = "JUCE Library Code";
			sourceTree = "<group>";
		};
		CCC9D0AF1EF913630E8AD40D /* JUCE Modules */ = {
			isa = PBXGroup;
			children = (
				1AFF7415DD75EBD4DF2CC742,
				1A8CB64F6BC8C1385C94D243,
				1C54C1FD95951BF9BCAF4E60,
				CC3BABBAE2AD0A66E71BD033,
				B5FFD7F3D61AFFA86C42C9E3,
				DA238139C516D729F0A3FA9B,
				2F19C9D6681DC457D50A9762,
				6409AC6E65A28C0D7C655353,
				2DBD60102D904D7B0C0F70FE,
				9405F0172A983031E55AAF7D,
				DB09F1FF05A442A2DB436E21,
			);
			name = "JUCE Modules";
			sourceTree = "<group>";
		};
		D08649BC95E4FD06749BA938 /* Frameworks */ = {
			isa = PBXGroup;
			children = (
				6992CDF901D2E4C71D67107C,
				9C47714546D2E90928807702,
				C8849A284603B147364CE97B,
				DC66FE895752B8A89149A6A5,
				64D6008F1ED927217E814F23,
				41B0E24907E4C3E02C492DF0,
				95AC3A5BE604BB8E6C023563,
				ECA09215DB03684F8A9111EC,
				FFE4950E34E0BE61FDC1E361,
				E043DB3360F8E26FB7FACB36,
				60561313A8DF375D887B24B1,
				A0FC5F93E5117FCDBC9D19DE,
				AAF0C8D7266284F4D2D1E31F,
				68E031AE46EA90C431BDD294,
				D0A3A691A67F519B4B659FA6,
			);
			name = Frameworks;
			sourceTree = "<group>";
		};
/* End PBXGroup section */

/* Begin PBXNativeTarget section */
		98994821CF37D0E197F9E903 /* PianoRollMaestro - App */ = {
			isa = PBXNativeTarget;
			buildConfigurationList = 5CF3C11440F58F78EFCD2034;
			buildPhases = (
				1B550361D074EF931987167F,
				7BD87F382426DE28C4BA833D,
				107AF712214C56F02CFDAA49,
			);
			buildRules = (
			);
			dependencies = (
			);
			name = "PianoRollMaestro - App";
			productName = PianoRollMaestro;
			productReference = 08A11A08C8E60654799D6E04;
			productType = "com.apple.product-type.application";
		};
/* End PBXNativeTarget section */

/* Begin PBXProject section */
		EC21F509A082C3D85E2EEBE8 = {
			isa = PBXProject;
			attributes = {
				BuildIndependentTargetsInParallel = YES;
				LastUpgradeCheck = 1340;
				ORGANIZATIONNAME = "watchanLab";
				TargetAttributes = {
					98994821CF37D0E197F9E903 = {
						SystemCapabilities = {
							com.apple.ApplicationGroups.iOS = {
								enabled = 0;
							};
							com.apple.HardenedRuntime = {
								enabled = 0;
							};
							com.apple.InAppPurchase = {
								enabled = 0;
							};
							com.apple.InterAppAudio = {
								enabled = 0;
							};
							com.apple.Push = {
								enabled = 0;
							};
							com.apple.Sandbox = {
								enabled = 0;
							};
						};
					};
				};
			};
			buildConfigurationList = 3243C92BC7CC4BBDD277D8D3;
			compatibilityVersion = "Xcode 3.2";
			hasScannedForEncodings = 0;
			knownRegions = (
				en,
				Base,
			);
			mainGroup = 4A615E109F9F6B99A4A6415E;
			projectDirPath = "";
			projectRoot = "";
			targets = (
				98994821CF37D0E197F9E903,
			);
		};
/* End PBXProject section */

/* Begin PBXResourcesBuildPhase section */
		1B550361D074EF931987167F = {
			isa = PBXResourcesBuildPhase;
			buildActionMask = 2147483647;
			files = (
				98C18E6679B785040A7A2932,
			);
			runOnlyForDeploymentPostprocessing = 0;
		};
/* End PBXResourcesBuildPhase section */

/* Begin PBXSourcesBuildPhase section */
		7BD87F382426DE28C4BA833D = {
			isa = PBXSourcesBuildPhase;
			buildActionMask = 2147483647;
			files = (
				C5109F5052BC638A57A90CA2,
				3DE149F540BAB57C7A2E8251,
				2F1D82C17951661DD1F5C907,
				F9457FDA8B7A720A981841DF,
				644712B4049E92622EADF229,
				78DCAA7BC4453029576DC0EF,
				7FAC23AD4FEA23B867B24DBB,
				A3BB6617F64F12156ADA71A4,
				AA4BD523C68F467A66B331DB,
				1B817E4FCACF49DEBEE7868B,
				5A3E40F3DA75EBDAA04DD1DF,
				0921B3D6788E5464364727E7,
				2E4620C2F8C8F25BFB9C1B24,
				57961425C4CD67C2059CCA58,
				BFDC33B8C4141ABD41A4DCD5,
				5BCA0A0EF2317799F5DE6BE4,
				4A1D789AE4F51BD8782CA5D7,
				B5082CAE2ACB181D91CB4C1D,
				B644A17C398857DAD6BB0E1B,
				F564BAC15ACD22BDA5CF711C,
				BB5A478A7E8D45E2D06788CA,
				FC626CC84463220940E6A1FB,
				6A12ADCEC927A06AAFB326B3,
				6F6805339D59AAD494CB7F46,
				858D693CFA537944B4DA9E04,
				5CA4677B82E3F465405F91B5,
				0FF226C1B1D6F3CAA8CDA920,
				208F1D0685F54C6EFD7D2D5D,
				90EC0271FD532ED32314D25E,
				AA0BB03907E7FA9803F2B1CD,
				F05770812C47358F079CD919,
			);
			runOnlyForDeploymentPostprocessing = 0;
		};
/* End PBXSourcesBuildPhase section */

/* Begin XCBuildConfiguration section */
		2B73CE0FBA6052ADC7B67277 /* Release */ = {
			isa = XCBuildConfiguration;
			buildSettings = {
				ALWAYS_SEARCH_USER_PATHS = NO;
				CLANG_ENABLE_OBJC_WEAK = YES;
				CLANG_WARN_BLOCK_CAPTURE_AUTORELEASING = YES;
				CLANG_WARN_BOOL_CONVERSION = YES;
				CLANG_WARN_COMMA = YES;
				CLANG_WARN_CONSTANT_CONVERSION = YES;
				CLANG_WARN_DEPRECATED_OBJC_IMPLEMENTATIONS = YES;
				CLANG_WARN_EMPTY_BODY = YES;
				CLANG_WARN_ENUM_CONVERSION = YES;
				CLANG_WARN_INFINITE_RECURSION = YES;
				CLANG_WARN_INT_CONVERSION = YES;
				CLANG_WARN_NON_LITERAL_NULL_CONVERSION = YES;
				CLANG_WARN_OBJC_IMPLICIT_RETAIN_SELF = YES;
				CLANG_WARN_OBJC_LITERAL_CONVERSION = YES;
				CLANG_WARN_RANGE_LOOP_ANALYSIS = YES;
				CLANG_WARN_STRICT_PROTOTYPES = YES;
				CLANG_WARN_SUSPICIOUS_MOVE = YES;
				CLANG_WARN_UNREACHABLE_CODE = YES;
				CLANG_WARN__DUPLICATE_METHOD_MATCH = YES;
				DEBUG_INFORMATION_FORMAT = dwarf;
				ENABLE_STRICT_OBJC_MSGSEND = YES;
				ENABLE_TESTABILITY = NO;
				GCC_C_LANGUAGE_STANDARD = c11;
				GCC_INLINES_ARE_PRIVATE_EXTERN = YES;
				GCC_MODEL_TUNING = G5;
				GCC_NO_COMMON_BLOCKS = YES;
				GCC_SYMBOLS_PRIVATE_EXTERN = YES;
				GCC_WARN_64_TO_32_BIT_CONVERSION = YES;
				GCC_WARN_ABOUT_RETURN_TYPE = YES;
				GCC_WARN_CHECK_SWITCH_STATEMENTS = YES;
				GCC_WARN_MISSING_PARENTHESES = YES;
				GCC_WARN_NON_VIRTUAL_DESTRUCTOR = YES;
				GCC_WARN_TYPECHECK_CALLS_TO_PRINTF = YES;
				GCC_WARN_UNDECLARED_SELECTOR = YES;
				GCC_WARN_UNINITIALIZED_AUTOS = YES;
				GCC_WARN_UNUSED_FUNCTION = YES;
				GCC_WARN_UNUSED_VARIABLE = YES;
				OTHER_CODE_SIGN_FLAGS = --timestamp;
				PRODUCT_NAME = "PianoRollMaestro";
				SDKROOT = macosx;
				WARNING_CFLAGS = "-Wreorder";
				ZERO_LINK = NO;
			};
			name = Release;
		};
		77B16CA5B2E12E6D96949732 /* Debug */ = {
			isa = XCBuildConfiguration;
			buildSettings = {
				ALWAYS_SEARCH_USER_PATHS = NO;
				CLANG_ENABLE_OBJC_WEAK = YES;
				CLANG_WARN_BLOCK_CAPTURE_AUTORELEASING = YES;
				CLANG_WARN_BOOL_CONVERSION = YES;
				CLANG_WARN_COMMA = YES;
				CLANG_WARN_CONSTANT_CONVERSION = YES;
				CLANG_WARN_DEPRECATED_OBJC_IMPLEMENTATIONS = YES;
				CLANG_WARN_EMPTY_BODY = YES;
				CLANG_WARN_ENUM_CONVERSION = YES;
				CLANG_WARN_INFINITE_RECURSION = YES;
				CLANG_WARN_INT_CONVERSION = YES;
				CLANG_WARN_NON_LITERAL_NULL_CONVERSION = YES;
				CLANG_WARN_OBJC_IMPLICIT_RETAIN_SELF = YES;
				CLANG_WARN_OBJC_LITERAL_CONVERSION = YES;
				CLANG_WARN_RANGE_LOOP_ANALYSIS = YES;
				CLANG_WARN_STRICT_PROTOTYPES = YES;
				CLANG_WARN_SUSPICIOUS_MOVE = YES;
				CLANG_WARN_UNREACHABLE_CODE = YES;
				CLANG_WARN__DUPLICATE_METHOD_MATCH = YES;
				DEBUG_INFORMATION_FORMAT = dwarf;
				ENABLE_STRICT_OBJC_MSGSEND = YES;
				ENABLE_TESTABILITY = NO;
				GCC_C_LANGUAGE_STANDARD = c11;
				GCC_INLINES_ARE_PRIVATE_EXTERN = YES;
				GCC_MODEL_TUNING = G5;
				GCC_NO_COMMON_BLOCKS = YES;
				GCC_SYMBOLS_PRIVATE_EXTERN = YES;
				GCC_WARN_64_TO_32_BIT_CONVERSION = YES;
				GCC_WARN_ABOUT_RETURN_TYPE = YES;
				GCC_WARN_CHECK_SWITCH_STATEMENTS = YES;
				GCC_WARN_MISSING_PARENTHESES = YES;
				GCC_WARN_NON_VIRTUAL_DESTRUCTOR = YES;
				GCC_WARN_TYPECHECK_CALLS_TO_PRINTF = YES;
				GCC_WARN_UNDECLARED_SELECTOR = YES;
				GCC_WARN_UNINITIALIZED_AUTOS = YES;
				GCC_WARN_UNUSED_FUNCTION = YES;
				GCC_WARN_UNUSED_VARIABLE = YES;
				ONLY_ACTIVE_ARCH = YES;
				OTHER_CODE_SIGN_FLAGS = --timestamp;
				PRODUCT_NAME = "PianoRollMaestro";
				SDKROOT = macosx;
				WARNING_CFLAGS = "-Wreorder";
				ZERO_LINK = NO;
			};
			name = Debug;
		};
		7DA5C86314CDE4A241D7899F /* Debug */ = {
			isa = XCBuildConfiguration;
			buildSettings = {
				CLANG_CXX_LANGUAGE_STANDARD = "c++17";
				CLANG_CXX_LIBRARY = "libc++";
				CLANG_LINK_OBJC_RUNTIME = NO;
				COMBINE_HIDPI_IMAGES = YES;
				CONFIGURATION_BUILD_DIR = "$(PROJECT_DIR)/build/$(CONFIGURATION)";
				COPY_PHASE_STRIP = NO;
				EXCLUDED_ARCHS = "";
				GCC_DYNAMIC_NO_PIC = NO;
				GCC_OPTIMIZATION_LEVEL = 0;
				GCC_PREPROCESSOR_DEFINITIONS = (
					"_DEBUG=1",
					"DEBUG=1",
					"JUCE_PROJUCER_VERSION=0x80003",
					"JUCE_MODULE_AVAILABLE_juce_audio_basics=1",
					"JUCE_MODULE_AVAILABLE_juce_audio_devices=1",
					"JUCE_MODULE_AVAILABLE_juce_audio_formats=1",
					"JUCE_MODULE_AVAILABLE_juce_audio_processors=1",
					"JUCE_MODULE_AVAILABLE_juce_audio_utils=1",
					"JUCE_MODULE_AVAILABLE_juce_core=1",
					"JUCE_MODULE_AVAILABLE_juce_data_structures=1",
					"JUCE_MODULE_AVAILABLE_juce_events=1",
					"JUCE_MODULE_AVAILABLE_juce_graphics=1",
					"JUCE_MODULE_AVAILABLE_juce_gui_basics=1",
					"JUCE_MODULE_AVAILABLE_juce_gui_extra=1",
					"JUCE_GLOBAL_MODULE_SETTINGS_INCLUDED=1",
					"JUCE_PLUGINHOST_VST3=1",
					"JUCE_PLUGINHOST_AU=1",
					"JUCE_STRICT_REFCOUNTEDPOINTER=1",
					"JUCE_STANDALONE_APPLICATION=1",
					"JUCER_XCODE_MAC_F6D2F4CF=1",
					"JUCE_APP_VERSION=0.1.0",
					"JUCE_APP_VERSION_HEX=0x100",
					"JucePlugin_Build_VST=0",
					"JucePlugin_Build_VST3=0",
					"JucePlugin_Build_AU=0",
					"JucePlugin_Build_AUv3=0",
					"JucePlugin_Build_AAX=0",
					"JucePlugin_Build_Standalone=0",
					"JucePlugin_Build_Unity=0",
					"JucePlugin_Build_LV2=0",
				);
				GCC_VERSION = com.apple.compilers.llvm.clang.1_0;
				HEADER_SEARCH_PATHS = (
					"$(HOME)/JUCE/modules/juce_audio_processors/format_types/VST3_SDK",
					"$(SRCROOT)/../../JuceLibraryCode",
					"$(HOME)/JUCE/modules",
					"$(inherited)",
				);
				INFOPLIST_FILE = Info-App.plist;
				INFOPLIST_PREPROCESS = NO;
				INSTALL_PATH = "$(HOME)/Applications";
				MACOSX_DEPLOYMENT_TARGET = 10.13;
				MTL_HEADER_SEARCH_PATHS = "$(HOME)/JUCE/modules/juce_audio_processors/format_types/VST3_SDK $(SRCROOT)/../../JuceLibraryCode $(HOME)/JUCE/modules";
				PRODUCT_BUNDLE_IDENTIFIER = com.watchanLab.PianoRollMaestro;
				PRODUCT_NAME = "PianoRollMaestro";
				USE_HEADERMAP = NO;
				VALID_ARCHS = "i386 x86_64 arm64 arm64e";
			};
			name = Debug;
		};
		B5D7DDC9240FEF28FA7D1201 /* Release */ = {
			isa = XCBuildConfiguration;
			buildSettings = {
				CLANG_CXX_LANGUAGE_STANDARD = "c++17";
				CLANG_CXX_LIBRARY = "libc++";
				CLANG_LINK_OBJC_RUNTIME = NO;
				COMBINE_HIDPI_IMAGES = YES;
				CONFIGURATION_BUILD_DIR = "$(PROJECT_DIR)/build/$(CONFIGURATION)";
				DEAD_CODE_STRIPPING = YES;
				EXCLUDED_ARCHS = "";
				GCC_GENERATE_DEBUGGING_SYMBOLS = NO;
				GCC_OPTIMIZATION_LEVEL = 3;
				GCC_PREPROCESSOR_DEFINITIONS = (
					"_NDEBUG=1",
					"NDEBUG=1",
					"JUCE_PROJUCER_VERSION=0x80003",
					"JUCE_MODULE_AVAILABLE_juce_audio_basics=1",
					"JUCE_MODULE_AVAILABLE_juce_audio_devices=1",
					"JUCE_MODULE_AVAILABLE_juce_audio_formats=1",
					"JUCE_MODULE_AVAILABLE_juce_audio_processors=1",
					"JUCE_MODULE_AVAILABLE_juce_audio_utils=1",
					"JUCE_MODULE_AVAILABLE_juce_core=1",
					"JUCE_MODULE_AVAILABLE_juce_data_structures=1",
					"JUCE_MODULE_AVAILABLE_juce_events=1",
					"JUCE_MODULE_AVAILABLE_juce_graphics=1",
					"JUCE_MODULE_AVAILABLE_juce_gui_basics=1",
					"JUCE_MODULE_AVAILABLE_juce_gui_extra=1",
					"JUCE_GLOBAL_MODULE_SETTINGS_INCLUDED=1",
					"JUCE_PLUGINHOST_VST3=1",
					"JUCE_PLUGINHOST_AU=1",
					"JUCE_STRICT_REFCOUNTEDPOINTER=1",
					"JUCE_STANDALONE_APPLICATION=1",
					"JUCER_XCODE_MAC_F6D2F4CF=1",
					"JUCE_APP_VERSION=0.1.0",
					"JUCE_APP_VERSION_HEX=0x100",
					"JucePlugin_Build_VST=0",
					"JucePlugin_Build_VST3=0",
					"JucePlugin_Build_AU=0",
					"JucePlugin_Build_AUv3=0",
					"JucePlugin_Build_AAX=0",
					"JucePlugin_Build_Standalone=0",
					"JucePlugin_Build_Unity=0",
					"JucePlugin_Build_LV2=0",
				);
				GCC_VERSION = com.apple.compilers.llvm.clang.1_0;
				HEADER_SEARCH_PATHS = (
					"$(HOME)/JUCE/modules/juce_audio_processors/format_types/VST3_SDK",
					"$(SRCROOT)/../../JuceLibraryCode",
					"$(HOME)/JUCE/modules",
					"$(inherited)",
				);
				INFOPLIST_FILE = Info-App.plist;
				INFOPLIST_PREPROCESS = NO;
				INSTALL_PATH = "$(HOME)/Applications";
				LLVM_LTO = YES;
				MACOSX_DEPLOYMENT_TARGET = 10.13;
				MTL_HEADER_SEARCH_PATHS = "$(HOME)/JUCE/modules/juce_audio_processors/format_types/VST3_SDK $(SRCROOT)/../../JuceLibraryCode $(HOME)/JUCE/modules";
				PRODUCT_BUNDLE_IDENTIFIER = com.watchanLab.PianoRollMaestro;
				PRODUCT_NAME = "PianoRollMaestro";
				USE_HEADERMAP = NO;
				VALID_ARCHS = "i386 x86_64 arm64 arm64e";
			};
			name = Release;
		};
/* End XCBuildConfiguration section */

/* Begin XCConfigurationList section */
		3243C92BC7CC4BBDD277D8D3 = {
			isa = XCConfigurationList;
			buildConfigurations = (
				2B73CE0FBA6052ADC7B67277,
				77B16CA5B2E12E6D96949732,
			);
			defaultConfigurationIsVisible = 0;
			defaultConfigurationName = Debug;
		};
		5CF3C11440F58F78EFCD2034 = {
			isa = XCConfigurationList;
			buildConfigurations = (
				7DA5C86314CDE4A241D7899F,
				B5D7DDC9240FEF28FA7D1201,
			);
			defaultConfigurationIsVisible = 0;
			defaultConfigurationName = Debug;
		};
/* End XCConfigurationList section */
	};
	rootObject = EC21F509A082C3D85E2EEBE8 /* Project object */;
}
